# This file is @generated by PDM.
# It is not intended for manual editing.

[metadata]
groups = ["default"]
cross_platform = true
static_urls = false
lock_version = "4.3"
content_hash = "sha256:4c83a25093f4cb6cf715dc1f0a327111b1b498745754e5c10861d0de8194add2"

[[package]]
name = "python-minifier"
version = "2.9.0"
requires_python = ">=2.7, !=3.0.*, !=3.1.*, !=3.2.*, <3.12"
summary = "Transform Python source code into it's most compact representation"
files = [
    {file = "python_minifier-2.9.0-py2.py3-none-any.whl", hash = "sha256:36681584ada9b12a3c7ec8cb9c716603685d7ef3dac981d4197996c0b7221948"},
    {file = "python_minifier-2.9.0.tar.gz", hash = "sha256:ba8697b507b6ff059b4b43db2e08d8f9a6bd048d80ae3b955cd286092be2ffb2"},
]
